// !$*UTF8*$!
{
	archiveVersion = 1;
	classes = {
	};
	objectVersion = 56;
	objects = {

/* Begin PBXBuildFile section */
		9625BDE12B2C11BB007457C2 /* NumTableViewCell.swift in Sources */ = {isa = PBXBuildFile; fileRef = 9625BDE02B2C11BB007457C2 /* NumTableViewCell.swift */; };
		9625BDE42B2C161D007457C2 /* Question.swift in Sources */ = {isa = PBXBuildFile; fileRef = 9625BDE32B2C161D007457C2 /* Question.swift */; };
		965853D82B30E342007DE9A9 /* MyNumbersViewController.swift in Sources */ = {isa = PBXBuildFile; fileRef = 965853D72B30E342007DE9A9 /* MyNumbersViewController.swift */; };
		965853DA2B30E447007DE9A9 /* NumberBallView.swift in Sources */ = {isa = PBXBuildFile; fileRef = 965853D92B30E447007DE9A9 /* NumberBallView.swift */; };
		965853DC2B30E4F4007DE9A9 /* AddNumbersCollectionViewCell.swift in Sources */ = {isa = PBXBuildFile; fileRef = 965853DB2B30E4F4007DE9A9 /* AddNumbersCollectionViewCell.swift */; };
		965853DE2B30E57D007DE9A9 /* NumSelectListTableViewCell.swift in Sources */ = {isa = PBXBuildFile; fileRef = 965853DD2B30E57D007DE9A9 /* NumSelectListTableViewCell.swift */; };
		965853E12B30E6B3007DE9A9 /* NumberSaveViewModel.swift in Sources */ = {isa = PBXBuildFile; fileRef = 965853E02B30E6B3007DE9A9 /* NumberSaveViewModel.swift */; };
		965FDCEC2B33DEEA004593BC /* Observable.swift in Sources */ = {isa = PBXBuildFile; fileRef = 965FDCEB2B33DEEA004593BC /* Observable.swift */; };
		9668055C2B2A567800480B40 /* AppDelegate.swift in Sources */ = {isa = PBXBuildFile; fileRef = 9668055B2B2A567800480B40 /* AppDelegate.swift */; };
		9668055E2B2A567800480B40 /* SceneDelegate.swift in Sources */ = {isa = PBXBuildFile; fileRef = 9668055D2B2A567800480B40 /* SceneDelegate.swift */; };
		966805602B2A567800480B40 /* ContainerViewController.swift in Sources */ = {isa = PBXBuildFile; fileRef = 9668055F2B2A567800480B40 /* ContainerViewController.swift */; };
		966805632B2A567800480B40 /* Main.storyboard in Resources */ = {isa = PBXBuildFile; fileRef = 966805612B2A567800480B40 /* Main.storyboard */; };
		966805652B2A567900480B40 /* Assets.xcassets in Resources */ = {isa = PBXBuildFile; fileRef = 966805642B2A567900480B40 /* Assets.xcassets */; };
		966805682B2A567900480B40 /* LaunchScreen.storyboard in Resources */ = {isa = PBXBuildFile; fileRef = 966805662B2A567900480B40 /* LaunchScreen.storyboard */; };
		966805742B2AAC5500480B40 /* NumbersGen.swift in Sources */ = {isa = PBXBuildFile; fileRef = 966805732B2AAC5500480B40 /* NumbersGen.swift */; };
		966805762B2AACB100480B40 /* NumberGenViewModel.swift in Sources */ = {isa = PBXBuildFile; fileRef = 966805752B2AACB100480B40 /* NumberGenViewModel.swift */; };
		9668057A2B2AB0A900480B40 /* MenuViewController.swift in Sources */ = {isa = PBXBuildFile; fileRef = 966805792B2AB0A900480B40 /* MenuViewController.swift */; };
		9668057D2B2AC3F900480B40 /* NumbersGenViewController.swift in Sources */ = {isa = PBXBuildFile; fileRef = 9668057C2B2AC3F900480B40 /* NumbersGenViewController.swift */; };
		96786C0E2B33459800D8A218 /* LottoAPIViewModel.swift in Sources */ = {isa = PBXBuildFile; fileRef = 96786C0D2B33459800D8A218 /* LottoAPIViewModel.swift */; };
		96786C102B3345E100D8A218 /* APIService.swift in Sources */ = {isa = PBXBuildFile; fileRef = 96786C0F2B3345E100D8A218 /* APIService.swift */; };
		96C036562B353C120008A7CF /* QRcodeReaderViewController.swift in Sources */ = {isa = PBXBuildFile; fileRef = 96C036552B353C120008A7CF /* QRcodeReaderViewController.swift */; };
		96C036592B353C570008A7CF /* ReaderView.swift in Sources */ = {isa = PBXBuildFile; fileRef = 96C036582B353C570008A7CF /* ReaderView.swift */; };
		96C0365B2B353F450008A7CF /* ReaderStatus.swift in Sources */ = {isa = PBXBuildFile; fileRef = 96C0365A2B353F450008A7CF /* ReaderStatus.swift */; };
		96C0365D2B353FBD0008A7CF /* QRCodeReaderViewModel.swift in Sources */ = {isa = PBXBuildFile; fileRef = 96C0365C2B353FBD0008A7CF /* QRCodeReaderViewModel.swift */; };
		96DC97FC2B329847005CB933 /* LottoAPIViewController.swift in Sources */ = {isa = PBXBuildFile; fileRef = 96DC97FB2B329847005CB933 /* LottoAPIViewController.swift */; };
		96DC97FE2B329949005CB933 /* LottoInfo.swift in Sources */ = {isa = PBXBuildFile; fileRef = 96DC97FD2B329949005CB933 /* LottoInfo.swift */; };
		96E515E02B2DF1E600B5E9B3 /* NumberBallListView.swift in Sources */ = {isa = PBXBuildFile; fileRef = 96E515DF2B2DF1E600B5E9B3 /* NumberBallListView.swift */; };
/* End PBXBuildFile section */

/* Begin PBXFileReference section */
		9625BDE02B2C11BB007457C2 /* NumTableViewCell.swift */ = {isa = PBXFileReference; lastKnownFileType = sourcecode.swift; path = NumTableViewCell.swift; sourceTree = "<group>"; };
		9625BDE32B2C161D007457C2 /* Question.swift */ = {isa = PBXFileReference; lastKnownFileType = sourcecode.swift; path = Question.swift; sourceTree = "<group>"; };
		965853D72B30E342007DE9A9 /* MyNumbersViewController.swift */ = {isa = PBXFileReference; lastKnownFileType = sourcecode.swift; path = MyNumbersViewController.swift; sourceTree = "<group>"; };
		965853D92B30E447007DE9A9 /* NumberBallView.swift */ = {isa = PBXFileReference; lastKnownFileType = sourcecode.swift; path = NumberBallView.swift; sourceTree = "<group>"; };
		965853DB2B30E4F4007DE9A9 /* AddNumbersCollectionViewCell.swift */ = {isa = PBXFileReference; lastKnownFileType = sourcecode.swift; path = AddNumbersCollectionViewCell.swift; sourceTree = "<group>"; };
		965853DD2B30E57D007DE9A9 /* NumSelectListTableViewCell.swift */ = {isa = PBXFileReference; lastKnownFileType = sourcecode.swift; path = NumSelectListTableViewCell.swift; sourceTree = "<group>"; };
		965853E02B30E6B3007DE9A9 /* NumberSaveViewModel.swift */ = {isa = PBXFileReference; lastKnownFileType = sourcecode.swift; path = NumberSaveViewModel.swift; sourceTree = "<group>"; };
		965FDCEB2B33DEEA004593BC /* Observable.swift */ = {isa = PBXFileReference; lastKnownFileType = sourcecode.swift; path = Observable.swift; sourceTree = "<group>"; };
		966805582B2A567800480B40 /* LottoGameMVVM.app */ = {isa = PBXFileReference; explicitFileType = wrapper.application; includeInIndex = 0; path = LottoGameMVVM.app; sourceTree = BUILT_PRODUCTS_DIR; };
		9668055B2B2A567800480B40 /* AppDelegate.swift */ = {isa = PBXFileReference; lastKnownFileType = sourcecode.swift; path = AppDelegate.swift; sourceTree = "<group>"; };
		9668055D2B2A567800480B40 /* SceneDelegate.swift */ = {isa = PBXFileReference; lastKnownFileType = sourcecode.swift; path = SceneDelegate.swift; sourceTree = "<group>"; };
		9668055F2B2A567800480B40 /* ContainerViewController.swift */ = {isa = PBXFileReference; lastKnownFileType = sourcecode.swift; path = ContainerViewController.swift; sourceTree = "<group>"; };
		966805622B2A567800480B40 /* Base */ = {isa = PBXFileReference; lastKnownFileType = file.storyboard; name = Base; path = Base.lproj/Main.storyboard; sourceTree = "<group>"; };
		966805642B2A567900480B40 /* Assets.xcassets */ = {isa = PBXFileReference; lastKnownFileType = folder.assetcatalog; path = Assets.xcassets; sourceTree = "<group>"; };
		966805672B2A567900480B40 /* Base */ = {isa = PBXFileReference; lastKnownFileType = file.storyboard; name = Base; path = Base.lproj/LaunchScreen.storyboard; sourceTree = "<group>"; };
		966805692B2A567900480B40 /* Info.plist */ = {isa = PBXFileReference; lastKnownFileType = text.plist.xml; path = Info.plist; sourceTree = "<group>"; };
		966805732B2AAC5500480B40 /* NumbersGen.swift */ = {isa = PBXFileReference; lastKnownFileType = sourcecode.swift; path = NumbersGen.swift; sourceTree = "<group>"; };
		966805752B2AACB100480B40 /* NumberGenViewModel.swift */ = {isa = PBXFileReference; lastKnownFileType = sourcecode.swift; path = NumberGenViewModel.swift; sourceTree = "<group>"; };
		966805792B2AB0A900480B40 /* MenuViewController.swift */ = {isa = PBXFileReference; lastKnownFileType = sourcecode.swift; path = MenuViewController.swift; sourceTree = "<group>"; };
		9668057C2B2AC3F900480B40 /* NumbersGenViewController.swift */ = {isa = PBXFileReference; lastKnownFileType = sourcecode.swift; path = NumbersGenViewController.swift; sourceTree = "<group>"; };
		96786C0D2B33459800D8A218 /* LottoAPIViewModel.swift */ = {isa = PBXFileReference; lastKnownFileType = sourcecode.swift; path = LottoAPIViewModel.swift; sourceTree = "<group>"; };
		96786C0F2B3345E100D8A218 /* APIService.swift */ = {isa = PBXFileReference; lastKnownFileType = sourcecode.swift; path = APIService.swift; sourceTree = "<group>"; };
		96C036552B353C120008A7CF /* QRcodeReaderViewController.swift */ = {isa = PBXFileReference; lastKnownFileType = sourcecode.swift; path = QRcodeReaderViewController.swift; sourceTree = "<group>"; };
		96C036582B353C570008A7CF /* ReaderView.swift */ = {isa = PBXFileReference; lastKnownFileType = sourcecode.swift; path = ReaderView.swift; sourceTree = "<group>"; };
		96C0365A2B353F450008A7CF /* ReaderStatus.swift */ = {isa = PBXFileReference; lastKnownFileType = sourcecode.swift; path = ReaderStatus.swift; sourceTree = "<group>"; };
		96C0365C2B353FBD0008A7CF /* QRCodeReaderViewModel.swift */ = {isa = PBXFileReference; lastKnownFileType = sourcecode.swift; path = QRCodeReaderViewModel.swift; sourceTree = "<group>"; };
		96DC97FB2B329847005CB933 /* LottoAPIViewController.swift */ = {isa = PBXFileReference; lastKnownFileType = sourcecode.swift; path = LottoAPIViewController.swift; sourceTree = "<group>"; };
		96DC97FD2B329949005CB933 /* LottoInfo.swift */ = {isa = PBXFileReference; lastKnownFileType = sourcecode.swift; path = LottoInfo.swift; sourceTree = "<group>"; };
		96E515DF2B2DF1E600B5E9B3 /* NumberBallListView.swift */ = {isa = PBXFileReference; lastKnownFileType = sourcecode.swift; path = NumberBallListView.swift; sourceTree = "<group>"; };
/* End PBXFileReference section */

/* Begin PBXFrameworksBuildPhase section */
		966805552B2A567800480B40 /* Frameworks */ = {
			isa = PBXFrameworksBuildPhase;
			buildActionMask = 2147483647;
			files = (
			);
			runOnlyForDeploymentPostprocessing = 0;
		};
/* End PBXFrameworksBuildPhase section */

/* Begin PBXGroup section */
		9625BDDF2B2C116F007457C2 /* SubViews */ = {
			isa = PBXGroup;
			children = (
				9625BDE02B2C11BB007457C2 /* NumTableViewCell.swift */,
			);
			path = SubViews;
			sourceTree = "<group>";
		};
		9625BDE22B2C15EF007457C2 /* Question */ = {
			isa = PBXGroup;
			children = (
				9625BDE32B2C161D007457C2 /* Question.swift */,
			);
			path = Question;
			sourceTree = "<group>";
		};
		965853D52B30E2F8007DE9A9 /* MyNumbers */ = {
			isa = PBXGroup;
			children = (
				965853D62B30E307007DE9A9 /* SubViews */,
				965853D72B30E342007DE9A9 /* MyNumbersViewController.swift */,
			);
			path = MyNumbers;
			sourceTree = "<group>";
		};
		965853D62B30E307007DE9A9 /* SubViews */ = {
			isa = PBXGroup;
			children = (
				965853D92B30E447007DE9A9 /* NumberBallView.swift */,
				965853DB2B30E4F4007DE9A9 /* AddNumbersCollectionViewCell.swift */,
				965853DD2B30E57D007DE9A9 /* NumSelectListTableViewCell.swift */,
			);
			path = SubViews;
			sourceTree = "<group>";
		};
		965FDCEA2B33DEC6004593BC /* Utils */ = {
			isa = PBXGroup;
			children = (
				965FDCEB2B33DEEA004593BC /* Observable.swift */,
			);
			path = Utils;
			sourceTree = "<group>";
		};
		9668054F2B2A567800480B40 = {
			isa = PBXGroup;
			children = (
				9668055A2B2A567800480B40 /* LottoGameMVVM */,
				966805592B2A567800480B40 /* Products */,
			);
			sourceTree = "<group>";
		};
		966805592B2A567800480B40 /* Products */ = {
			isa = PBXGroup;
			children = (
				966805582B2A567800480B40 /* LottoGameMVVM.app */,
			);
			name = Products;
			sourceTree = "<group>";
		};
		9668055A2B2A567800480B40 /* LottoGameMVVM */ = {
			isa = PBXGroup;
			children = (
				9625BDE22B2C15EF007457C2 /* Question */,
				965FDCEA2B33DEC6004593BC /* Utils */,
				966805722B2A584400480B40 /* APIService */,
				966805712B2A581800480B40 /* Models */,
				966805702B2A580E00480B40 /* ViewModels */,
				9668056F2B2A57FB00480B40 /* Views */,
				966805642B2A567900480B40 /* Assets.xcassets */,
				966805662B2A567900480B40 /* LaunchScreen.storyboard */,
				966805692B2A567900480B40 /* Info.plist */,
			);
			path = LottoGameMVVM;
			sourceTree = "<group>";
		};
		9668056F2B2A57FB00480B40 /* Views */ = {
			isa = PBXGroup;
			children = (
				96CAE72A2B4BC07E00ED5E5C /* Common */,
				966805772B2AB06600480B40 /* ContainerVC */,
				96C036542B353B520008A7CF /* QRCodeReader */,
				96DC97FA2B3297E6005CB933 /* LottoAPI */,
				965853D52B30E2F8007DE9A9 /* MyNumbers */,
				9668057B2B2AC3CF00480B40 /* Main */,
				9668055B2B2A567800480B40 /* AppDelegate.swift */,
				9668055D2B2A567800480B40 /* SceneDelegate.swift */,
				966805612B2A567800480B40 /* Main.storyboard */,
			);
			path = Views;
			sourceTree = "<group>";
		};
		966805702B2A580E00480B40 /* ViewModels */ = {
			isa = PBXGroup;
			children = (
				966805752B2AACB100480B40 /* NumberGenViewModel.swift */,
				965853E02B30E6B3007DE9A9 /* NumberSaveViewModel.swift */,
				96786C0D2B33459800D8A218 /* LottoAPIViewModel.swift */,
				96C0365C2B353FBD0008A7CF /* QRCodeReaderViewModel.swift */,
			);
			path = ViewModels;
			sourceTree = "<group>";
		};
		966805712B2A581800480B40 /* Models */ = {
			isa = PBXGroup;
			children = (
				966805732B2AAC5500480B40 /* NumbersGen.swift */,
				96DC97FD2B329949005CB933 /* LottoInfo.swift */,
				96C0365A2B353F450008A7CF /* ReaderStatus.swift */,
			);
			path = Models;
			sourceTree = "<group>";
		};
		966805722B2A584400480B40 /* APIService */ = {
			isa = PBXGroup;
			children = (
				96786C0F2B3345E100D8A218 /* APIService.swift */,
			);
			path = APIService;
			sourceTree = "<group>";
		};
		966805772B2AB06600480B40 /* ContainerVC */ = {
			isa = PBXGroup;
			children = (
				966805782B2AB08800480B40 /* SubViews */,
				9668055F2B2A567800480B40 /* ContainerViewController.swift */,
			);
			path = ContainerVC;
			sourceTree = "<group>";
		};
		966805782B2AB08800480B40 /* SubViews */ = {
			isa = PBXGroup;
			children = (
				966805792B2AB0A900480B40 /* MenuViewController.swift */,
			);
			path = SubViews;
			sourceTree = "<group>";
		};
		9668057B2B2AC3CF00480B40 /* Main */ = {
			isa = PBXGroup;
			children = (
				9625BDDF2B2C116F007457C2 /* SubViews */,
				9668057C2B2AC3F900480B40 /* NumbersGenViewController.swift */,
			);
			path = Main;
			sourceTree = "<group>";
		};
		96C036542B353B520008A7CF /* QRCodeReader */ = {
			isa = PBXGroup;
			children = (
				96C036572B353C3C0008A7CF /* SubViews */,
				96C036552B353C120008A7CF /* QRcodeReaderViewController.swift */,
			);
			path = QRCodeReader;
			sourceTree = "<group>";
		};
		96C036572B353C3C0008A7CF /* SubViews */ = {
			isa = PBXGroup;
			children = (
				96C036582B353C570008A7CF /* ReaderView.swift */,
			);
			path = SubViews;
			sourceTree = "<group>";
		};
		96CAE72A2B4BC07E00ED5E5C /* Common */ = {
			isa = PBXGroup;
			children = (
				96E515DF2B2DF1E600B5E9B3 /* NumberBallListView.swift */,
			);
			path = Common;
			sourceTree = "<group>";
		};
		96DC97FA2B3297E6005CB933 /* LottoAPI */ = {
			isa = PBXGroup;
			children = (
				96DC97FB2B329847005CB933 /* LottoAPIViewController.swift */,
			);
			path = LottoAPI;
			sourceTree = "<group>";
		};
/* End PBXGroup section */

/* Begin PBXNativeTarget section */
		966805572B2A567800480B40 /* LottoGameMVVM */ = {
			isa = PBXNativeTarget;
			buildConfigurationList = 9668056C2B2A567900480B40 /* Build configuration list for PBXNativeTarget "LottoGameMVVM" */;
			buildPhases = (
				966805542B2A567800480B40 /* Sources */,
				966805552B2A567800480B40 /* Frameworks */,
				966805562B2A567800480B40 /* Resources */,
			);
			buildRules = (
			);
			dependencies = (
			);
			name = LottoGameMVVM;
			productName = LottoGameMVVM;
			productReference = 966805582B2A567800480B40 /* LottoGameMVVM.app */;
			productType = "com.apple.product-type.application";
		};
/* End PBXNativeTarget section */

/* Begin PBXProject section */
		966805502B2A567800480B40 /* Project object */ = {
			isa = PBXProject;
			attributes = {
				BuildIndependentTargetsInParallel = 1;
				LastSwiftUpdateCheck = 1500;
				LastUpgradeCheck = 1500;
				TargetAttributes = {
					966805572B2A567800480B40 = {
						CreatedOnToolsVersion = 15.0;
					};
				};
			};
			buildConfigurationList = 966805532B2A567800480B40 /* Build configuration list for PBXProject "LottoGameMVVM" */;
			compatibilityVersion = "Xcode 14.0";
			developmentRegion = en;
			hasScannedForEncodings = 0;
			knownRegions = (
				en,
				Base,
			);
			mainGroup = 9668054F2B2A567800480B40;
			productRefGroup = 966805592B2A567800480B40 /* Products */;
			projectDirPath = "";
			projectRoot = "";
			targets = (
				966805572B2A567800480B40 /* LottoGameMVVM */,
			);
		};
/* End PBXProject section */

/* Begin PBXResourcesBuildPhase section */
		966805562B2A567800480B40 /* Resources */ = {
			isa = PBXResourcesBuildPhase;
			buildActionMask = 2147483647;
			files = (
				966805682B2A567900480B40 /* LaunchScreen.storyboard in Resources */,
				966805652B2A567900480B40 /* Assets.xcassets in Resources */,
				966805632B2A567800480B40 /* Main.storyboard in Resources */,
			);
			runOnlyForDeploymentPostprocessing = 0;
		};
/* End PBXResourcesBuildPhase section */

/* Begin PBXSourcesBuildPhase section */
		966805542B2A567800480B40 /* Sources */ = {
			isa = PBXSourcesBuildPhase;
			buildActionMask = 2147483647;
			files = (
				96E515E02B2DF1E600B5E9B3 /* NumberBallListView.swift in Sources */,
				96786C102B3345E100D8A218 /* APIService.swift in Sources */,
				966805602B2A567800480B40 /* ContainerViewController.swift in Sources */,
				96C0365D2B353FBD0008A7CF /* QRCodeReaderViewModel.swift in Sources */,
				96DC97FE2B329949005CB933 /* LottoInfo.swift in Sources */,
				96DC97FC2B329847005CB933 /* LottoAPIViewController.swift in Sources */,
				965853DA2B30E447007DE9A9 /* NumberBallView.swift in Sources */,
				9668057A2B2AB0A900480B40 /* MenuViewController.swift in Sources */,
				966805762B2AACB100480B40 /* NumberGenViewModel.swift in Sources */,
				96C036562B353C120008A7CF /* QRcodeReaderViewController.swift in Sources */,
				9625BDE42B2C161D007457C2 /* Question.swift in Sources */,
				96786C0E2B33459800D8A218 /* LottoAPIViewModel.swift in Sources */,
				965853E12B30E6B3007DE9A9 /* NumberSaveViewModel.swift in Sources */,
				965853DE2B30E57D007DE9A9 /* NumSelectListTableViewCell.swift in Sources */,
				96C036592B353C570008A7CF /* ReaderView.swift in Sources */,
				9668057D2B2AC3F900480B40 /* NumbersGenViewController.swift in Sources */,
				965853D82B30E342007DE9A9 /* MyNumbersViewController.swift in Sources */,
				9625BDE12B2C11BB007457C2 /* NumTableViewCell.swift in Sources */,
				966805742B2AAC5500480B40 /* NumbersGen.swift in Sources */,
				965FDCEC2B33DEEA004593BC /* Observable.swift in Sources */,
				96C0365B2B353F450008A7CF /* ReaderStatus.swift in Sources */,
				9668055C2B2A567800480B40 /* AppDelegate.swift in Sources */,
				965853DC2B30E4F4007DE9A9 /* AddNumbersCollectionViewCell.swift in Sources */,
				9668055E2B2A567800480B40 /* SceneDelegate.swift in Sources */,
			);
			runOnlyForDeploymentPostprocessing = 0;
		};
/* End PBXSourcesBuildPhase section */

/* Begin PBXVariantGroup section */
		966805612B2A567800480B40 /* Main.storyboard */ = {
			isa = PBXVariantGroup;
			children = (
				966805622B2A567800480B40 /* Base */,
			);
			name = Main.storyboard;
			sourceTree = "<group>";
		};
		966805662B2A567900480B40 /* LaunchScreen.storyboard */ = {
			isa = PBXVariantGroup;
			children = (
				966805672B2A567900480B40 /* Base */,
			);
			name = LaunchScreen.storyboard;
			sourceTree = "<group>";
		};
/* End PBXVariantGroup section */

/* Begin XCBuildConfiguration section */
		9668056A2B2A567900480B40 /* Debug */ = {
			isa = XCBuildConfiguration;
			buildSettings = {
				ALWAYS_SEARCH_USER_PATHS = NO;
				ASSETCATALOG_COMPILER_GENERATE_SWIFT_ASSET_SYMBOL_EXTENSIONS = YES;
				CLANG_ANALYZER_NONNULL = YES;
				CLANG_ANALYZER_NUMBER_OBJECT_CONVERSION = YES_AGGRESSIVE;
				CLANG_CXX_LANGUAGE_STANDARD = "gnu++20";
				CLANG_ENABLE_MODULES = YES;
				CLANG_ENABLE_OBJC_ARC = YES;
				CLANG_ENABLE_OBJC_WEAK = YES;
				CLANG_WARN_BLOCK_CAPTURE_AUTORELEASING = YES;
				CLANG_WARN_BOOL_CONVERSION = YES;
				CLANG_WARN_COMMA = YES;
				CLANG_WARN_CONSTANT_CONVERSION = YES;
				CLANG_WARN_DEPRECATED_OBJC_IMPLEMENTATIONS = YES;
				CLANG_WARN_DIRECT_OBJC_ISA_USAGE = YES_ERROR;
				CLANG_WARN_DOCUMENTATION_COMMENTS = YES;
				CLANG_WARN_EMPTY_BODY = YES;
				CLANG_WARN_ENUM_CONVERSION = YES;
				CLANG_WARN_INFINITE_RECURSION = YES;
				CLANG_WARN_INT_CONVERSION = YES;
				CLANG_WARN_NON_LITERAL_NULL_CONVERSION = YES;
				CLANG_WARN_OBJC_IMPLICIT_RETAIN_SELF = YES;
				CLANG_WARN_OBJC_LITERAL_CONVERSION = YES;
				CLANG_WARN_OBJC_ROOT_CLASS = YES_ERROR;
				CLANG_WARN_QUOTED_INCLUDE_IN_FRAMEWORK_HEADER = YES;
				CLANG_WARN_RANGE_LOOP_ANALYSIS = YES;
				CLANG_WARN_STRICT_PROTOTYPES = YES;
				CLANG_WARN_SUSPICIOUS_MOVE = YES;
				CLANG_WARN_UNGUARDED_AVAILABILITY = YES_AGGRESSIVE;
				CLANG_WARN_UNREACHABLE_CODE = YES;
				CLANG_WARN__DUPLICATE_METHOD_MATCH = YES;
				COPY_PHASE_STRIP = NO;
				DEBUG_INFORMATION_FORMAT = dwarf;
				ENABLE_STRICT_OBJC_MSGSEND = YES;
				ENABLE_TESTABILITY = YES;
				ENABLE_USER_SCRIPT_SANDBOXING = YES;
				GCC_C_LANGUAGE_STANDARD = gnu17;
				GCC_DYNAMIC_NO_PIC = NO;
				GCC_NO_COMMON_BLOCKS = YES;
				GCC_OPTIMIZATION_LEVEL = 0;
				GCC_PREPROCESSOR_DEFINITIONS = (
					"DEBUG=1",
					"$(inherited)",
				);
				GCC_WARN_64_TO_32_BIT_CONVERSION = YES;
				GCC_WARN_ABOUT_RETURN_TYPE = YES_ERROR;
				GCC_WARN_UNDECLARED_SELECTOR = YES;
				GCC_WARN_UNINITIALIZED_AUTOS = YES_AGGRESSIVE;
				GCC_WARN_UNUSED_FUNCTION = YES;
				GCC_WARN_UNUSED_VARIABLE = YES;
				IPHONEOS_DEPLOYMENT_TARGET = 17.0;
				LOCALIZATION_PREFERS_STRING_CATALOGS = YES;
				MTL_ENABLE_DEBUG_INFO = INCLUDE_SOURCE;
				MTL_FAST_MATH = YES;
				ONLY_ACTIVE_ARCH = YES;
				SDKROOT = iphoneos;
				SWIFT_ACTIVE_COMPILATION_CONDITIONS = "DEBUG $(inherited)";
				SWIFT_OPTIMIZATION_LEVEL = "-Onone";
			};
			name = Debug;
		};
		9668056B2B2A567900480B40 /* Release */ = {
			isa = XCBuildConfiguration;
			buildSettings = {
				ALWAYS_SEARCH_USER_PATHS = NO;
				ASSETCATALOG_COMPILER_GENERATE_SWIFT_ASSET_SYMBOL_EXTENSIONS = YES;
				CLANG_ANALYZER_NONNULL = YES;
				CLANG_ANALYZER_NUMBER_OBJECT_CONVERSION = YES_AGGRESSIVE;
				CLANG_CXX_LANGUAGE_STANDARD = "gnu++20";
				CLANG_ENABLE_MODULES = YES;
				CLANG_ENABLE_OBJC_ARC = YES;
				CLANG_ENABLE_OBJC_WEAK = YES;
				CLANG_WARN_BLOCK_CAPTURE_AUTORELEASING = YES;
				CLANG_WARN_BOOL_CONVERSION = YES;
				CLANG_WARN_COMMA = YES;
				CLANG_WARN_CONSTANT_CONVERSION = YES;
				CLANG_WARN_DEPRECATED_OBJC_IMPLEMENTATIONS = YES;
				CLANG_WARN_DIRECT_OBJC_ISA_USAGE = YES_ERROR;
				CLANG_WARN_DOCUMENTATION_COMMENTS = YES;
				CLANG_WARN_EMPTY_BODY = YES;
				CLANG_WARN_ENUM_CONVERSION = YES;
				CLANG_WARN_INFINITE_RECURSION = YES;
				CLANG_WARN_INT_CONVERSION = YES;
				CLANG_WARN_NON_LITERAL_NULL_CONVERSION = YES;
				CLANG_WARN_OBJC_IMPLICIT_RETAIN_SELF = YES;
				CLANG_WARN_OBJC_LITERAL_CONVERSION = YES;
				CLANG_WARN_OBJC_ROOT_CLASS = YES_ERROR;
				CLANG_WARN_QUOTED_INCLUDE_IN_FRAMEWORK_HEADER = YES;
				CLANG_WARN_RANGE_LOOP_ANALYSIS = YES;
				CLANG_WARN_STRICT_PROTOTYPES = YES;
				CLANG_WARN_SUSPICIOUS_MOVE = YES;
				CLANG_WARN_UNGUARDED_AVAILABILITY = YES_AGGRESSIVE;
				CLANG_WARN_UNREACHABLE_CODE = YES;
				CLANG_WARN__DUPLICATE_METHOD_MATCH = YES;
				COPY_PHASE_STRIP = NO;
				DEBUG_INFORMATION_FORMAT = "dwarf-with-dsym";
				ENABLE_NS_ASSERTIONS = NO;
				ENABLE_STRICT_OBJC_MSGSEND = YES;
				ENABLE_USER_SCRIPT_SANDBOXING = YES;
				GCC_C_LANGUAGE_STANDARD = gnu17;
				GCC_NO_COMMON_BLOCKS = YES;
				GCC_WARN_64_TO_32_BIT_CONVERSION = YES;
				GCC_WARN_ABOUT_RETURN_TYPE = YES_ERROR;
				GCC_WARN_UNDECLARED_SELECTOR = YES;
				GCC_WARN_UNINITIALIZED_AUTOS = YES_AGGRESSIVE;
				GCC_WARN_UNUSED_FUNCTION = YES;
				GCC_WARN_UNUSED_VARIABLE = YES;
				IPHONEOS_DEPLOYMENT_TARGET = 17.0;
				LOCALIZATION_PREFERS_STRING_CATALOGS = YES;
				MTL_ENABLE_DEBUG_INFO = NO;
				MTL_FAST_MATH = YES;
				SDKROOT = iphoneos;
				SWIFT_COMPILATION_MODE = wholemodule;
				VALIDATE_PRODUCT = YES;
			};
			name = Release;
		};
		9668056D2B2A567900480B40 /* Debug */ = {
			isa = XCBuildConfiguration;
			buildSettings = {
				ASSETCATALOG_COMPILER_APPICON_NAME = AppIcon;
				ASSETCATALOG_COMPILER_GLOBAL_ACCENT_COLOR_NAME = AccentColor;
				CODE_SIGN_STYLE = Automatic;
				CURRENT_PROJECT_VERSION = 1;
				DEVELOPMENT_TEAM = 99CZKQ5FHZ;
				GENERATE_INFOPLIST_FILE = YES;
				INFOPLIST_FILE = LottoGameMVVM/Info.plist;
				INFOPLIST_KEY_UIApplicationSupportsIndirectInputEvents = YES;
				INFOPLIST_KEY_UILaunchStoryboardName = LaunchScreen;
				INFOPLIST_KEY_UIMainStoryboardFile = Main;
				INFOPLIST_KEY_UISupportedInterfaceOrientations = UIInterfaceOrientationPortrait;
				INFOPLIST_KEY_UISupportedInterfaceOrientations_iPad = "UIInterfaceOrientationLandscapeLeft UIInterfaceOrientationLandscapeRight UIInterfaceOrientationPortrait UIInterfaceOrientationPortraitUpsideDown";
				IPHONEOS_DEPLOYMENT_TARGET = 14.0;
				LD_RUNPATH_SEARCH_PATHS = (
					"$(inherited)",
					"@executable_path/Frameworks",
				);
				MARKETING_VERSION = 1.0;
				PRODUCT_BUNDLE_IDENTIFIER = kr.yeol.LottoGameMVVM;
				PRODUCT_NAME = "$(TARGET_NAME)";
				SUPPORTED_PLATFORMS = "iphoneos iphonesimulator";
				SUPPORTS_MACCATALYST = NO;
				SUPPORTS_MAC_DESIGNED_FOR_IPHONE_IPAD = NO;
				SWIFT_EMIT_LOC_STRINGS = YES;
				SWIFT_VERSION = 5.0;
				TARGETED_DEVICE_FAMILY = 1;
			};
			name = Debug;
		};
		9668056E2B2A567900480B40 /* Release */ = {
			isa = XCBuildConfiguration;
			buildSettings = {
				ASSETCATALOG_COMPILER_APPICON_NAME = AppIcon;
				ASSETCATALOG_COMPILER_GLOBAL_ACCENT_COLOR_NAME = AccentColor;
				CODE_SIGN_STYLE = Automatic;
				CURRENT_PROJECT_VERSION = 1;
				DEVELOPMENT_TEAM = 99CZKQ5FHZ;
				GENERATE_INFOPLIST_FILE = YES;
				INFOPLIST_FILE = LottoGameMVVM/Info.plist;
				INFOPLIST_KEY_UIApplicationSupportsIndirectInputEvents = YES;
				INFOPLIST_KEY_UILaunchStoryboardName = LaunchScreen;
				INFOPLIST_KEY_UIMainStoryboardFile = Main;
				INFOPLIST_KEY_UISupportedInterfaceOrientations = UIInterfaceOrientationPortrait;
				INFOPLIST_KEY_UISupportedInterfaceOrientations_iPad = "UIInterfaceOrientationLandscapeLeft UIInterfaceOrientationLandscapeRight UIInterfaceOrientationPortrait UIInterfaceOrientationPortraitUpsideDown";
				IPHONEOS_DEPLOYMENT_TARGET = 14.0;
				LD_RUNPATH_SEARCH_PATHS = (
					"$(inherited)",
					"@executable_path/Frameworks",
				);
				MARKETING_VERSION = 1.0;
				PRODUCT_BUNDLE_IDENTIFIER = kr.yeol.LottoGameMVVM;
				PRODUCT_NAME = "$(TARGET_NAME)";
				SUPPORTED_PLATFORMS = "iphoneos iphonesimulator";
				SUPPORTS_MACCATALYST = NO;
				SUPPORTS_MAC_DESIGNED_FOR_IPHONE_IPAD = NO;
				SWIFT_EMIT_LOC_STRINGS = YES;
				SWIFT_VERSION = 5.0;
				TARGETED_DEVICE_FAMILY = 1;
			};
			name = Release;
		};
/* End XCBuildConfiguration section */

/* Begin XCConfigurationList section */
		966805532B2A567800480B40 /* Build configuration list for PBXProject "LottoGameMVVM" */ = {
			isa = XCConfigurationList;
			buildConfigurations = (
				9668056A2B2A567900480B40 /* Debug */,
				9668056B2B2A567900480B40 /* Release */,
			);
			defaultConfigurationIsVisible = 0;
			defaultConfigurationName = Release;
		};
		9668056C2B2A567900480B40 /* Build configuration list for PBXNativeTarget "LottoGameMVVM" */ = {
			isa = XCConfigurationList;
			buildConfigurations = (
				9668056D2B2A567900480B40 /* Debug */,
				9668056E2B2A567900480B40 /* Release */,
			);
			defaultConfigurationIsVisible = 0;
			defaultConfigurationName = Release;
		};
/* End XCConfigurationList section */
	};
	rootObject = 966805502B2A567800480B40 /* Project object */;
}
